// !$*UTF8*$!
{
	archiveVersion = 1;
	classes = {
	};
	objectVersion = 50;
	objects = {

/* Begin PBXBuildFile section */
		1149B0ED253B618700E06ED7 /* MatrixMagix.swift in Sources */ = {isa = PBXBuildFile; fileRef = 11A0B59F253A7A6B0018A8C1 /* MatrixMagix.swift */; };
		1149B0F0253B716400E06ED7 /* MathTestView.swift in Sources */ = {isa = PBXBuildFile; fileRef = 1149B0EF253B716400E06ED7 /* MathTestView.swift */; };
		1149B0F1253B717D00E06ED7 /* MathTestView.swift in Sources */ = {isa = PBXBuildFile; fileRef = 1149B0EF253B716400E06ED7 /* MathTestView.swift */; };
		1149B0F3253B736100E06ED7 /* NavigationItem.swift in Sources */ = {isa = PBXBuildFile; fileRef = 1149B0F2253B736100E06ED7 /* NavigationItem.swift */; };
		1149B0F4253B744300E06ED7 /* NavigationItem.swift in Sources */ = {isa = PBXBuildFile; fileRef = 1149B0F2253B736100E06ED7 /* NavigationItem.swift */; };
		1149B0F6253B92E100E06ED7 /* NavigationWidget.swift in Sources */ = {isa = PBXBuildFile; fileRef = 1149B0F5253B92E100E06ED7 /* NavigationWidget.swift */; };
		1149B0F7253B92E100E06ED7 /* NavigationWidget.swift in Sources */ = {isa = PBXBuildFile; fileRef = 1149B0F5253B92E100E06ED7 /* NavigationWidget.swift */; };
		1149B0F9253BB1AB00E06ED7 /* RingView.swift in Sources */ = {isa = PBXBuildFile; fileRef = 1149B0F8253BB1AB00E06ED7 /* RingView.swift */; };
		1149B0FA253BB1AB00E06ED7 /* RingView.swift in Sources */ = {isa = PBXBuildFile; fileRef = 1149B0F8253BB1AB00E06ED7 /* RingView.swift */; };
		1149B0FD253BCBD800E06ED7 /* Extentions.swift in Sources */ = {isa = PBXBuildFile; fileRef = 1149B0FC253BCBD800E06ED7 /* Extentions.swift */; };
		1149B0FE253BCBD800E06ED7 /* Extentions.swift in Sources */ = {isa = PBXBuildFile; fileRef = 1149B0FC253BCBD800E06ED7 /* Extentions.swift */; };
		1149B101253BF61C00E06ED7 /* Environment.swift in Sources */ = {isa = PBXBuildFile; fileRef = 1149B100253BF61C00E06ED7 /* Environment.swift */; };
		1149B102253BF62400E06ED7 /* Environment.swift in Sources */ = {isa = PBXBuildFile; fileRef = 1149B100253BF61C00E06ED7 /* Environment.swift */; };
		115FE35E253E3F1300D78839 /* RendererPath.swift in Sources */ = {isa = PBXBuildFile; fileRef = 115FE35D253E3F1300D78839 /* RendererPath.swift */; };
		115FE35F253E3F1300D78839 /* RendererPath.swift in Sources */ = {isa = PBXBuildFile; fileRef = 115FE35D253E3F1300D78839 /* RendererPath.swift */; };
		1187492B253CEA1100DA6A94 /* Renderer.swift in Sources */ = {isa = PBXBuildFile; fileRef = 1187492A253CEA1100DA6A94 /* Renderer.swift */; };
		1187492C253CEA1100DA6A94 /* Renderer.swift in Sources */ = {isa = PBXBuildFile; fileRef = 1187492A253CEA1100DA6A94 /* Renderer.swift */; };
		1187492D253CEE8600DA6A94 /* VerticiesAndMatrixes.swift in Sources */ = {isa = PBXBuildFile; fileRef = 11A0B59C253A69B80018A8C1 /* VerticiesAndMatrixes.swift */; };
		11874933253D2E6A00DA6A94 /* RenderPageView.swift in Sources */ = {isa = PBXBuildFile; fileRef = 11874932253D2E6A00DA6A94 /* RenderPageView.swift */; };
		11874934253D2E6A00DA6A94 /* RenderPageView.swift in Sources */ = {isa = PBXBuildFile; fileRef = 11874932253D2E6A00DA6A94 /* RenderPageView.swift */; };
		11A0B579253A68430018A8C1 /* Tests_iOS.swift in Sources */ = {isa = PBXBuildFile; fileRef = 11A0B578253A68430018A8C1 /* Tests_iOS.swift */; };
		11A0B584253A68430018A8C1 /* Tests_macOS.swift in Sources */ = {isa = PBXBuildFile; fileRef = 11A0B583253A68430018A8C1 /* Tests_macOS.swift */; };
		11A0B586253A68430018A8C1 /* CubedApp.swift in Sources */ = {isa = PBXBuildFile; fileRef = 11A0B55D253A68160018A8C1 /* CubedApp.swift */; };
		11A0B587253A68430018A8C1 /* CubedApp.swift in Sources */ = {isa = PBXBuildFile; fileRef = 11A0B55D253A68160018A8C1 /* CubedApp.swift */; };
		11A0B588253A68430018A8C1 /* ContentView.swift in Sources */ = {isa = PBXBuildFile; fileRef = 11A0B55E253A68160018A8C1 /* ContentView.swift */; };
		11A0B589253A68430018A8C1 /* ContentView.swift in Sources */ = {isa = PBXBuildFile; fileRef = 11A0B55E253A68160018A8C1 /* ContentView.swift */; };
		11A0B58A253A68430018A8C1 /* Assets.xcassets in Resources */ = {isa = PBXBuildFile; fileRef = 11A0B55F253A68420018A8C1 /* Assets.xcassets */; };
		11A0B58B253A68430018A8C1 /* Assets.xcassets in Resources */ = {isa = PBXBuildFile; fileRef = 11A0B55F253A68420018A8C1 /* Assets.xcassets */; };
		11A0B59D253A69B80018A8C1 /* VerticiesAndMatrixes.swift in Sources */ = {isa = PBXBuildFile; fileRef = 11A0B59C253A69B80018A8C1 /* VerticiesAndMatrixes.swift */; };
		11A0B5A0253A7A6B0018A8C1 /* MatrixMagix.swift in Sources */ = {isa = PBXBuildFile; fileRef = 11A0B59F253A7A6B0018A8C1 /* MatrixMagix.swift */; };
/* End PBXBuildFile section */

/* Begin PBXContainerItemProxy section */
		11A0B575253A68430018A8C1 /* PBXContainerItemProxy */ = {
			isa = PBXContainerItemProxy;
			containerPortal = 11A0B558253A68140018A8C1 /* Project object */;
			proxyType = 1;
			remoteGlobalIDString = 11A0B563253A68420018A8C1;
			remoteInfo = iOS;
		};
		11A0B580253A68430018A8C1 /* PBXContainerItemProxy */ = {
			isa = PBXContainerItemProxy;
			containerPortal = 11A0B558253A68140018A8C1 /* Project object */;
			proxyType = 1;
			remoteGlobalIDString = 11A0B56B253A68430018A8C1;
			remoteInfo = macOS;
		};
/* End PBXContainerItemProxy section */

/* Begin PBXFileReference section */
		1149B0EF253B716400E06ED7 /* MathTestView.swift */ = {isa = PBXFileReference; lastKnownFileType = sourcecode.swift; path = MathTestView.swift; sourceTree = "<group>"; };
		1149B0F2253B736100E06ED7 /* NavigationItem.swift */ = {isa = PBXFileReference; lastKnownFileType = sourcecode.swift; path = NavigationItem.swift; sourceTree = "<group>"; };
		1149B0F5253B92E100E06ED7 /* NavigationWidget.swift */ = {isa = PBXFileReference; lastKnownFileType = sourcecode.swift; path = NavigationWidget.swift; sourceTree = "<group>"; };
		1149B0F8253BB1AB00E06ED7 /* RingView.swift */ = {isa = PBXFileReference; lastKnownFileType = sourcecode.swift; path = RingView.swift; sourceTree = "<group>"; };
		1149B0FC253BCBD800E06ED7 /* Extentions.swift */ = {isa = PBXFileReference; lastKnownFileType = sourcecode.swift; path = Extentions.swift; sourceTree = "<group>"; };
		1149B100253BF61C00E06ED7 /* Environment.swift */ = {isa = PBXFileReference; lastKnownFileType = sourcecode.swift; path = Environment.swift; sourceTree = "<group>"; };
		115FE35D253E3F1300D78839 /* RendererPath.swift */ = {isa = PBXFileReference; lastKnownFileType = sourcecode.swift; path = RendererPath.swift; sourceTree = "<group>"; };
		1187492A253CEA1100DA6A94 /* Renderer.swift */ = {isa = PBXFileReference; lastKnownFileType = sourcecode.swift; name = Renderer.swift; path = "../New Group/Renderer.swift"; sourceTree = "<group>"; };
		11874932253D2E6A00DA6A94 /* RenderPageView.swift */ = {isa = PBXFileReference; lastKnownFileType = sourcecode.swift; name = RenderPageView.swift; path = "../New Group/RenderPageView.swift"; sourceTree = "<group>"; };
		11A0B55D253A68160018A8C1 /* CubedApp.swift */ = {isa = PBXFileReference; lastKnownFileType = sourcecode.swift; path = CubedApp.swift; sourceTree = "<group>"; };
		11A0B55E253A68160018A8C1 /* ContentView.swift */ = {isa = PBXFileReference; lastKnownFileType = sourcecode.swift; path = ContentView.swift; sourceTree = "<group>"; };
		11A0B55F253A68420018A8C1 /* Assets.xcassets */ = {isa = PBXFileReference; lastKnownFileType = folder.assetcatalog; path = Assets.xcassets; sourceTree = "<group>"; };
		11A0B564253A68430018A8C1 /* Cubed.app */ = {isa = PBXFileReference; explicitFileType = wrapper.application; includeInIndex = 0; path = Cubed.app; sourceTree = BUILT_PRODUCTS_DIR; };
		11A0B567253A68430018A8C1 /* Info.plist */ = {isa = PBXFileReference; lastKnownFileType = text.plist.xml; path = Info.plist; sourceTree = "<group>"; };
		11A0B56C253A68430018A8C1 /* HyperGan.app */ = {isa = PBXFileReference; explicitFileType = wrapper.application; includeInIndex = 0; path = HyperGan.app; sourceTree = BUILT_PRODUCTS_DIR; };
		11A0B56E253A68430018A8C1 /* Info.plist */ = {isa = PBXFileReference; lastKnownFileType = text.plist.xml; path = Info.plist; sourceTree = "<group>"; };
		11A0B56F253A68430018A8C1 /* macOS.entitlements */ = {isa = PBXFileReference; lastKnownFileType = text.plist.entitlements; path = macOS.entitlements; sourceTree = "<group>"; };
		11A0B574253A68430018A8C1 /* Tests iOS.xctest */ = {isa = PBXFileReference; explicitFileType = wrapper.cfbundle; includeInIndex = 0; path = "Tests iOS.xctest"; sourceTree = BUILT_PRODUCTS_DIR; };
		11A0B578253A68430018A8C1 /* Tests_iOS.swift */ = {isa = PBXFileReference; lastKnownFileType = sourcecode.swift; path = Tests_iOS.swift; sourceTree = "<group>"; };
		11A0B57A253A68430018A8C1 /* Info.plist */ = {isa = PBXFileReference; lastKnownFileType = text.plist.xml; path = Info.plist; sourceTree = "<group>"; };
		11A0B57F253A68430018A8C1 /* Tests macOS.xctest */ = {isa = PBXFileReference; explicitFileType = wrapper.cfbundle; includeInIndex = 0; path = "Tests macOS.xctest"; sourceTree = BUILT_PRODUCTS_DIR; };
		11A0B583253A68430018A8C1 /* Tests_macOS.swift */ = {isa = PBXFileReference; lastKnownFileType = sourcecode.swift; path = Tests_macOS.swift; sourceTree = "<group>"; };
		11A0B585253A68430018A8C1 /* Info.plist */ = {isa = PBXFileReference; lastKnownFileType = text.plist.xml; path = Info.plist; sourceTree = "<group>"; };
		11A0B59C253A69B80018A8C1 /* VerticiesAndMatrixes.swift */ = {isa = PBXFileReference; lastKnownFileType = sourcecode.swift; path = VerticiesAndMatrixes.swift; sourceTree = "<group>"; };
		11A0B59F253A7A6B0018A8C1 /* MatrixMagix.swift */ = {isa = PBXFileReference; lastKnownFileType = sourcecode.swift; path = MatrixMagix.swift; sourceTree = "<group>"; };
/* End PBXFileReference section */

/* Begin PBXFrameworksBuildPhase section */
		11A0B561253A68420018A8C1 /* Frameworks */ = {
			isa = PBXFrameworksBuildPhase;
			buildActionMask = 2147483647;
			files = (
			);
			runOnlyForDeploymentPostprocessing = 0;
		};
		11A0B569253A68430018A8C1 /* Frameworks */ = {
			isa = PBXFrameworksBuildPhase;
			buildActionMask = 2147483647;
			files = (
			);
			runOnlyForDeploymentPostprocessing = 0;
		};
		11A0B571253A68430018A8C1 /* Frameworks */ = {
			isa = PBXFrameworksBuildPhase;
			buildActionMask = 2147483647;
			files = (
			);
			runOnlyForDeploymentPostprocessing = 0;
		};
		11A0B57C253A68430018A8C1 /* Frameworks */ = {
			isa = PBXFrameworksBuildPhase;
			buildActionMask = 2147483647;
			files = (
			);
			runOnlyForDeploymentPostprocessing = 0;
		};
/* End PBXFrameworksBuildPhase section */

/* Begin PBXGroup section */
		1149B0EE253B714600E06ED7 /* Views */ = {
			isa = PBXGroup;
			children = (
				115FE35C253E3EDE00D78839 /* Renderer */,
				1149B0EF253B716400E06ED7 /* MathTestView.swift */,
				1149B0F2253B736100E06ED7 /* NavigationItem.swift */,
				1149B0F5253B92E100E06ED7 /* NavigationWidget.swift */,
				1149B0F8253BB1AB00E06ED7 /* RingView.swift */,
			);
			path = Views;
			sourceTree = "<group>";
		};
		1149B0FB253BCBBE00E06ED7 /* extentions */ = {
			isa = PBXGroup;
			children = (
				1149B0FC253BCBD800E06ED7 /* Extentions.swift */,
			);
			path = extentions;
			sourceTree = "<group>";
		};
		1149B0FF253BF60800E06ED7 /* data */ = {
			isa = PBXGroup;
			children = (
				1149B100253BF61C00E06ED7 /* Environment.swift */,
			);
			path = data;
			sourceTree = "<group>";
		};
		115FE35C253E3EDE00D78839 /* Renderer */ = {
			isa = PBXGroup;
			children = (
				11874932253D2E6A00DA6A94 /* RenderPageView.swift */,
				1187492A253CEA1100DA6A94 /* Renderer.swift */,
				115FE35D253E3F1300D78839 /* RendererPath.swift */,
			);
			path = Renderer;
			sourceTree = "<group>";
		};
		11A0B557253A68130018A8C1 = {
			isa = PBXGroup;
			children = (
				11A0B55C253A68150018A8C1 /* Shared */,
				11A0B566253A68430018A8C1 /* iOS */,
				11A0B56D253A68430018A8C1 /* macOS */,
				11A0B577253A68430018A8C1 /* Tests iOS */,
				11A0B582253A68430018A8C1 /* Tests macOS */,
				11A0B565253A68430018A8C1 /* Products */,
			);
			sourceTree = "<group>";
		};
		11A0B55C253A68150018A8C1 /* Shared */ = {
			isa = PBXGroup;
			children = (
				1149B0EE253B714600E06ED7 /* Views */,
				11A0B59A253A69920018A8C1 /* Mechanics */,
				11A0B55D253A68160018A8C1 /* CubedApp.swift */,
				11A0B55E253A68160018A8C1 /* ContentView.swift */,
				11A0B55F253A68420018A8C1 /* Assets.xcassets */,
			);
			path = Shared;
			sourceTree = "<group>";
		};
		11A0B565253A68430018A8C1 /* Products */ = {
			isa = PBXGroup;
			children = (
				11A0B564253A68430018A8C1 /* Cubed.app */,
				11A0B56C253A68430018A8C1 /* HyperGan.app */,
				11A0B574253A68430018A8C1 /* Tests iOS.xctest */,
				11A0B57F253A68430018A8C1 /* Tests macOS.xctest */,
			);
			name = Products;
			sourceTree = "<group>";
		};
		11A0B566253A68430018A8C1 /* iOS */ = {
			isa = PBXGroup;
			children = (
				11A0B567253A68430018A8C1 /* Info.plist */,
			);
			path = iOS;
			sourceTree = "<group>";
		};
		11A0B56D253A68430018A8C1 /* macOS */ = {
			isa = PBXGroup;
			children = (
				11A0B56E253A68430018A8C1 /* Info.plist */,
				11A0B56F253A68430018A8C1 /* macOS.entitlements */,
			);
			path = macOS;
			sourceTree = "<group>";
		};
		11A0B577253A68430018A8C1 /* Tests iOS */ = {
			isa = PBXGroup;
			children = (
				11A0B578253A68430018A8C1 /* Tests_iOS.swift */,
				11A0B57A253A68430018A8C1 /* Info.plist */,
			);
			path = "Tests iOS";
			sourceTree = "<group>";
		};
		11A0B582253A68430018A8C1 /* Tests macOS */ = {
			isa = PBXGroup;
			children = (
				11A0B583253A68430018A8C1 /* Tests_macOS.swift */,
				11A0B585253A68430018A8C1 /* Info.plist */,
			);
			path = "Tests macOS";
			sourceTree = "<group>";
		};
		11A0B59A253A69920018A8C1 /* Mechanics */ = {
			isa = PBXGroup;
			children = (
				1149B0FF253BF60800E06ED7 /* data */,
				1149B0FB253BCBBE00E06ED7 /* extentions */,
				11A0B59E253A7A4B0018A8C1 /* Matrix Magix */,
				11A0B59B253A699B0018A8C1 /* Drawer */,
			);
			path = Mechanics;
			sourceTree = "<group>";
		};
		11A0B59B253A699B0018A8C1 /* Drawer */ = {
			isa = PBXGroup;
			children = (
				11A0B59C253A69B80018A8C1 /* VerticiesAndMatrixes.swift */,
			);
			path = Drawer;
			sourceTree = "<group>";
		};
		11A0B59E253A7A4B0018A8C1 /* Matrix Magix */ = {
			isa = PBXGroup;
			children = (
				11A0B59F253A7A6B0018A8C1 /* MatrixMagix.swift */,
			);
			path = "Matrix Magix";
			sourceTree = "<group>";
		};
/* End PBXGroup section */

/* Begin PBXNativeTarget section */
		11A0B563253A68420018A8C1 /* iOS */ = {
			isa = PBXNativeTarget;
			buildConfigurationList = 11A0B58E253A68430018A8C1 /* Build configuration list for PBXNativeTarget "iOS" */;
			buildPhases = (
				11A0B560253A68420018A8C1 /* Sources */,
				11A0B561253A68420018A8C1 /* Frameworks */,
				11A0B562253A68420018A8C1 /* Resources */,
			);
			buildRules = (
			);
			dependencies = (
			);
			name = iOS;
			productName = iOS;
			productReference = 11A0B564253A68430018A8C1 /* Cubed.app */;
			productType = "com.apple.product-type.application";
		};
		11A0B56B253A68430018A8C1 /* macOS */ = {
			isa = PBXNativeTarget;
			buildConfigurationList = 11A0B591253A68430018A8C1 /* Build configuration list for PBXNativeTarget "macOS" */;
			buildPhases = (
				11A0B568253A68430018A8C1 /* Sources */,
				11A0B569253A68430018A8C1 /* Frameworks */,
				11A0B56A253A68430018A8C1 /* Resources */,
			);
			buildRules = (
			);
			dependencies = (
			);
			name = macOS;
			productName = macOS;
			productReference = 11A0B56C253A68430018A8C1 /* HyperGan.app */;
			productType = "com.apple.product-type.application";
		};
		11A0B573253A68430018A8C1 /* Tests iOS */ = {
			isa = PBXNativeTarget;
			buildConfigurationList = 11A0B594253A68430018A8C1 /* Build configuration list for PBXNativeTarget "Tests iOS" */;
			buildPhases = (
				11A0B570253A68430018A8C1 /* Sources */,
				11A0B571253A68430018A8C1 /* Frameworks */,
				11A0B572253A68430018A8C1 /* Resources */,
			);
			buildRules = (
			);
			dependencies = (
				11A0B576253A68430018A8C1 /* PBXTargetDependency */,
			);
			name = "Tests iOS";
			productName = "Tests iOS";
			productReference = 11A0B574253A68430018A8C1 /* Tests iOS.xctest */;
			productType = "com.apple.product-type.bundle.ui-testing";
		};
		11A0B57E253A68430018A8C1 /* Tests macOS */ = {
			isa = PBXNativeTarget;
			buildConfigurationList = 11A0B597253A68430018A8C1 /* Build configuration list for PBXNativeTarget "Tests macOS" */;
			buildPhases = (
				11A0B57B253A68430018A8C1 /* Sources */,
				11A0B57C253A68430018A8C1 /* Frameworks */,
				11A0B57D253A68430018A8C1 /* Resources */,
			);
			buildRules = (
			);
			dependencies = (
				11A0B581253A68430018A8C1 /* PBXTargetDependency */,
			);
			name = "Tests macOS";
			productName = "Tests macOS";
			productReference = 11A0B57F253A68430018A8C1 /* Tests macOS.xctest */;
			productType = "com.apple.product-type.bundle.ui-testing";
		};
/* End PBXNativeTarget section */

/* Begin PBXProject section */
		11A0B558253A68140018A8C1 /* Project object */ = {
			isa = PBXProject;
			attributes = {
				LastSwiftUpdateCheck = 1200;
				LastUpgradeCheck = 1200;
				TargetAttributes = {
					11A0B563253A68420018A8C1 = {
						CreatedOnToolsVersion = 12.0;
					};
					11A0B56B253A68430018A8C1 = {
						CreatedOnToolsVersion = 12.0;
					};
					11A0B573253A68430018A8C1 = {
						CreatedOnToolsVersion = 12.0;
						TestTargetID = 11A0B563253A68420018A8C1;
					};
					11A0B57E253A68430018A8C1 = {
						CreatedOnToolsVersion = 12.0;
						TestTargetID = 11A0B56B253A68430018A8C1;
					};
				};
			};
			buildConfigurationList = 11A0B55B253A68140018A8C1 /* Build configuration list for PBXProject "Cubed" */;
			compatibilityVersion = "Xcode 9.3";
			developmentRegion = en;
			hasScannedForEncodings = 0;
			knownRegions = (
				en,
				Base,
			);
			mainGroup = 11A0B557253A68130018A8C1;
			productRefGroup = 11A0B565253A68430018A8C1 /* Products */;
			projectDirPath = "";
			projectRoot = "";
			targets = (
				11A0B563253A68420018A8C1 /* iOS */,
				11A0B56B253A68430018A8C1 /* macOS */,
				11A0B573253A68430018A8C1 /* Tests iOS */,
				11A0B57E253A68430018A8C1 /* Tests macOS */,
			);
		};
/* End PBXProject section */

/* Begin PBXResourcesBuildPhase section */
		11A0B562253A68420018A8C1 /* Resources */ = {
			isa = PBXResourcesBuildPhase;
			buildActionMask = 2147483647;
			files = (
				11A0B58A253A68430018A8C1 /* Assets.xcassets in Resources */,
			);
			runOnlyForDeploymentPostprocessing = 0;
		};
		11A0B56A253A68430018A8C1 /* Resources */ = {
			isa = PBXResourcesBuildPhase;
			buildActionMask = 2147483647;
			files = (
				11A0B58B253A68430018A8C1 /* Assets.xcassets in Resources */,
			);
			runOnlyForDeploymentPostprocessing = 0;
		};
		11A0B572253A68430018A8C1 /* Resources */ = {
			isa = PBXResourcesBuildPhase;
			buildActionMask = 2147483647;
			files = (
			);
			runOnlyForDeploymentPostprocessing = 0;
		};
		11A0B57D253A68430018A8C1 /* Resources */ = {
			isa = PBXResourcesBuildPhase;
			buildActionMask = 2147483647;
			files = (
			);
			runOnlyForDeploymentPostprocessing = 0;
		};
/* End PBXResourcesBuildPhase section */

/* Begin PBXSourcesBuildPhase section */
		11A0B560253A68420018A8C1 /* Sources */ = {
			isa = PBXSourcesBuildPhase;
			buildActionMask = 2147483647;
			files = (
				115FE35E253E3F1300D78839 /* RendererPath.swift in Sources */,
				1149B0F3253B736100E06ED7 /* NavigationItem.swift in Sources */,
				11A0B5A0253A7A6B0018A8C1 /* MatrixMagix.swift in Sources */,
				1149B0F0253B716400E06ED7 /* MathTestView.swift in Sources */,
				11A0B588253A68430018A8C1 /* ContentView.swift in Sources */,
				1187492B253CEA1100DA6A94 /* Renderer.swift in Sources */,
				1149B0F9253BB1AB00E06ED7 /* RingView.swift in Sources */,
				1149B0F6253B92E100E06ED7 /* NavigationWidget.swift in Sources */,
				11A0B59D253A69B80018A8C1 /* VerticiesAndMatrixes.swift in Sources */,
				11A0B586253A68430018A8C1 /* CubedApp.swift in Sources */,
				1149B0FD253BCBD800E06ED7 /* Extentions.swift in Sources */,
				1149B101253BF61C00E06ED7 /* Environment.swift in Sources */,
				11874933253D2E6A00DA6A94 /* RenderPageView.swift in Sources */,
			);
			runOnlyForDeploymentPostprocessing = 0;
		};
		11A0B568253A68430018A8C1 /* Sources */ = {
			isa = PBXSourcesBuildPhase;
			buildActionMask = 2147483647;
			files = (
				115FE35F253E3F1300D78839 /* RendererPath.swift in Sources */,
				11A0B589253A68430018A8C1 /* ContentView.swift in Sources */,
				1149B0F4253B744300E06ED7 /* NavigationItem.swift in Sources */,
				11A0B587253A68430018A8C1 /* CubedApp.swift in Sources */,
				1149B0F1253B717D00E06ED7 /* MathTestView.swift in Sources */,
				1187492D253CEE8600DA6A94 /* VerticiesAndMatrixes.swift in Sources */,
				1149B102253BF62400E06ED7 /* Environment.swift in Sources */,
				1149B0FE253BCBD800E06ED7 /* Extentions.swift in Sources */,
				1149B0FA253BB1AB00E06ED7 /* RingView.swift in Sources */,
				1149B0ED253B618700E06ED7 /* MatrixMagix.swift in Sources */,
				1187492C253CEA1100DA6A94 /* Renderer.swift in Sources */,
				1149B0F7253B92E100E06ED7 /* NavigationWidget.swift in Sources */,
				11874934253D2E6A00DA6A94 /* RenderPageView.swift in Sources */,
			);
			runOnlyForDeploymentPostprocessing = 0;
		};
		11A0B570253A68430018A8C1 /* Sources */ = {
			isa = PBXSourcesBuildPhase;
			buildActionMask = 2147483647;
			files = (
				11A0B579253A68430018A8C1 /* Tests_iOS.swift in Sources */,
			);
			runOnlyForDeploymentPostprocessing = 0;
		};
		11A0B57B253A68430018A8C1 /* Sources */ = {
			isa = PBXSourcesBuildPhase;
			buildActionMask = 2147483647;
			files = (
				11A0B584253A68430018A8C1 /* Tests_macOS.swift in Sources */,
			);
			runOnlyForDeploymentPostprocessing = 0;
		};
/* End PBXSourcesBuildPhase section */

/* Begin PBXTargetDependency section */
		11A0B576253A68430018A8C1 /* PBXTargetDependency */ = {
			isa = PBXTargetDependency;
			target = 11A0B563253A68420018A8C1 /* iOS */;
			targetProxy = 11A0B575253A68430018A8C1 /* PBXContainerItemProxy */;
		};
		11A0B581253A68430018A8C1 /* PBXTargetDependency */ = {
			isa = PBXTargetDependency;
			target = 11A0B56B253A68430018A8C1 /* macOS */;
			targetProxy = 11A0B580253A68430018A8C1 /* PBXContainerItemProxy */;
		};
/* End PBXTargetDependency section */

/* Begin XCBuildConfiguration section */
		11A0B58C253A68430018A8C1 /* Debug */ = {
			isa = XCBuildConfiguration;
			buildSettings = {
				ALWAYS_SEARCH_USER_PATHS = NO;
				CLANG_ANALYZER_NONNULL = YES;
				CLANG_ANALYZER_NUMBER_OBJECT_CONVERSION = YES_AGGRESSIVE;
				CLANG_CXX_LANGUAGE_STANDARD = "gnu++14";
				CLANG_CXX_LIBRARY = "libc++";
				CLANG_ENABLE_MODULES = YES;
				CLANG_ENABLE_OBJC_ARC = YES;
				CLANG_ENABLE_OBJC_WEAK = YES;
				CLANG_WARN_BLOCK_CAPTURE_AUTORELEASING = YES;
				CLANG_WARN_BOOL_CONVERSION = YES;
				CLANG_WARN_COMMA = YES;
				CLANG_WARN_CONSTANT_CONVERSION = YES;
				CLANG_WARN_DEPRECATED_OBJC_IMPLEMENTATIONS = YES;
				CLANG_WARN_DIRECT_OBJC_ISA_USAGE = YES_ERROR;
				CLANG_WARN_DOCUMENTATION_COMMENTS = YES;
				CLANG_WARN_EMPTY_BODY = YES;
				CLANG_WARN_ENUM_CONVERSION = YES;
				CLANG_WARN_INFINITE_RECURSION = YES;
				CLANG_WARN_INT_CONVERSION = YES;
				CLANG_WARN_NON_LITERAL_NULL_CONVERSION = YES;
				CLANG_WARN_OBJC_IMPLICIT_RETAIN_SELF = YES;
				CLANG_WARN_OBJC_LITERAL_CONVERSION = YES;
				CLANG_WARN_OBJC_ROOT_CLASS = YES_ERROR;
				CLANG_WARN_QUOTED_INCLUDE_IN_FRAMEWORK_HEADER = YES;
				CLANG_WARN_RANGE_LOOP_ANALYSIS = YES;
				CLANG_WARN_STRICT_PROTOTYPES = YES;
				CLANG_WARN_SUSPICIOUS_MOVE = YES;
				CLANG_WARN_UNGUARDED_AVAILABILITY = YES_AGGRESSIVE;
				CLANG_WARN_UNREACHABLE_CODE = YES;
				CLANG_WARN__DUPLICATE_METHOD_MATCH = YES;
				COPY_PHASE_STRIP = NO;
				DEBUG_INFORMATION_FORMAT = dwarf;
				ENABLE_STRICT_OBJC_MSGSEND = YES;
				ENABLE_TESTABILITY = YES;
				GCC_C_LANGUAGE_STANDARD = gnu11;
				GCC_DYNAMIC_NO_PIC = NO;
				GCC_NO_COMMON_BLOCKS = YES;
				GCC_OPTIMIZATION_LEVEL = 0;
				GCC_PREPROCESSOR_DEFINITIONS = (
					"DEBUG=1",
					"$(inherited)",
				);
				GCC_WARN_64_TO_32_BIT_CONVERSION = YES;
				GCC_WARN_ABOUT_RETURN_TYPE = YES_ERROR;
				GCC_WARN_UNDECLARED_SELECTOR = YES;
				GCC_WARN_UNINITIALIZED_AUTOS = YES_AGGRESSIVE;
				GCC_WARN_UNUSED_FUNCTION = YES;
				GCC_WARN_UNUSED_VARIABLE = YES;
				MTL_ENABLE_DEBUG_INFO = INCLUDE_SOURCE;
				MTL_FAST_MATH = YES;
				ONLY_ACTIVE_ARCH = YES;
				SWIFT_ACTIVE_COMPILATION_CONDITIONS = DEBUG;
				SWIFT_OPTIMIZATION_LEVEL = "-Onone";
			};
			name = Debug;
		};
		11A0B58D253A68430018A8C1 /* Release */ = {
			isa = XCBuildConfiguration;
			buildSettings = {
				ALWAYS_SEARCH_USER_PATHS = NO;
				CLANG_ANALYZER_NONNULL = YES;
				CLANG_ANALYZER_NUMBER_OBJECT_CONVERSION = YES_AGGRESSIVE;
				CLANG_CXX_LANGUAGE_STANDARD = "gnu++14";
				CLANG_CXX_LIBRARY = "libc++";
				CLANG_ENABLE_MODULES = YES;
				CLANG_ENABLE_OBJC_ARC = YES;
				CLANG_ENABLE_OBJC_WEAK = YES;
				CLANG_WARN_BLOCK_CAPTURE_AUTORELEASING = YES;
				CLANG_WARN_BOOL_CONVERSION = YES;
				CLANG_WARN_COMMA = YES;
				CLANG_WARN_CONSTANT_CONVERSION = YES;
				CLANG_WARN_DEPRECATED_OBJC_IMPLEMENTATIONS = YES;
				CLANG_WARN_DIRECT_OBJC_ISA_USAGE = YES_ERROR;
				CLANG_WARN_DOCUMENTATION_COMMENTS = YES;
				CLANG_WARN_EMPTY_BODY = YES;
				CLANG_WARN_ENUM_CONVERSION = YES;
				CLANG_WARN_INFINITE_RECURSION = YES;
				CLANG_WARN_INT_CONVERSION = YES;
				CLANG_WARN_NON_LITERAL_NULL_CONVERSION = YES;
				CLANG_WARN_OBJC_IMPLICIT_RETAIN_SELF = YES;
				CLANG_WARN_OBJC_LITERAL_CONVERSION = YES;
				CLANG_WARN_OBJC_ROOT_CLASS = YES_ERROR;
				CLANG_WARN_QUOTED_INCLUDE_IN_FRAMEWORK_HEADER = YES;
				CLANG_WARN_RANGE_LOOP_ANALYSIS = YES;
				CLANG_WARN_STRICT_PROTOTYPES = YES;
				CLANG_WARN_SUSPICIOUS_MOVE = YES;
				CLANG_WARN_UNGUARDED_AVAILABILITY = YES_AGGRESSIVE;
				CLANG_WARN_UNREACHABLE_CODE = YES;
				CLANG_WARN__DUPLICATE_METHOD_MATCH = YES;
				COPY_PHASE_STRIP = NO;
				DEBUG_INFORMATION_FORMAT = "dwarf-with-dsym";
				ENABLE_NS_ASSERTIONS = NO;
				ENABLE_STRICT_OBJC_MSGSEND = YES;
				GCC_C_LANGUAGE_STANDARD = gnu11;
				GCC_NO_COMMON_BLOCKS = YES;
				GCC_WARN_64_TO_32_BIT_CONVERSION = YES;
				GCC_WARN_ABOUT_RETURN_TYPE = YES_ERROR;
				GCC_WARN_UNDECLARED_SELECTOR = YES;
				GCC_WARN_UNINITIALIZED_AUTOS = YES_AGGRESSIVE;
				GCC_WARN_UNUSED_FUNCTION = YES;
				GCC_WARN_UNUSED_VARIABLE = YES;
				MTL_ENABLE_DEBUG_INFO = NO;
				MTL_FAST_MATH = YES;
				SWIFT_COMPILATION_MODE = wholemodule;
				SWIFT_OPTIMIZATION_LEVEL = "-O";
			};
			name = Release;
		};
		11A0B58F253A68430018A8C1 /* Debug */ = {
			isa = XCBuildConfiguration;
			buildSettings = {
				ASSETCATALOG_COMPILER_APPICON_NAME = AppIcon;
				ASSETCATALOG_COMPILER_GLOBAL_ACCENT_COLOR_NAME = AccentColor;
				CODE_SIGN_STYLE = Automatic;
				DEVELOPMENT_TEAM = 7924VL9N7J;
				ENABLE_PREVIEWS = YES;
				INFOPLIST_FILE = iOS/Info.plist;
				IPHONEOS_DEPLOYMENT_TARGET = 14.0;
				LD_RUNPATH_SEARCH_PATHS = (
					"$(inherited)",
					"@executable_path/Frameworks",
				);
				PRODUCT_BUNDLE_IDENTIFIER = com.codine.Cubed;
				PRODUCT_NAME = Cubed;
				SDKROOT = iphoneos;
				SWIFT_VERSION = 5.0;
				TARGETED_DEVICE_FAMILY = "1,2";
			};
			name = Debug;
		};
		11A0B590253A68430018A8C1 /* Release */ = {
			isa = XCBuildConfiguration;
			buildSettings = {
				ASSETCATALOG_COMPILER_APPICON_NAME = AppIcon;
				ASSETCATALOG_COMPILER_GLOBAL_ACCENT_COLOR_NAME = AccentColor;
				CODE_SIGN_STYLE = Automatic;
				DEVELOPMENT_TEAM = 7924VL9N7J;
				ENABLE_PREVIEWS = YES;
				INFOPLIST_FILE = iOS/Info.plist;
				IPHONEOS_DEPLOYMENT_TARGET = 14.0;
				LD_RUNPATH_SEARCH_PATHS = (
					"$(inherited)",
					"@executable_path/Frameworks",
				);
				PRODUCT_BUNDLE_IDENTIFIER = com.codine.Cubed;
				PRODUCT_NAME = Cubed;
				SDKROOT = iphoneos;
				SWIFT_VERSION = 5.0;
				TARGETED_DEVICE_FAMILY = "1,2";
				VALIDATE_PRODUCT = YES;
			};
			name = Release;
		};
		11A0B592253A68430018A8C1 /* Debug */ = {
			isa = XCBuildConfiguration;
			buildSettings = {
				ASSETCATALOG_COMPILER_APPICON_NAME = AppIcon;
				ASSETCATALOG_COMPILER_GLOBAL_ACCENT_COLOR_NAME = AccentColor;
				CODE_SIGN_ENTITLEMENTS = macOS/macOS.entitlements;
				CODE_SIGN_STYLE = Automatic;
				COMBINE_HIDPI_IMAGES = YES;
				DEVELOPMENT_TEAM = 7924VL9N7J;
				ENABLE_HARDENED_RUNTIME = YES;
				ENABLE_PREVIEWS = YES;
				INFOPLIST_FILE = macOS/Info.plist;
				LD_RUNPATH_SEARCH_PATHS = (
					"$(inherited)",
					"@executable_path/../Frameworks",
				);
				MACOSX_DEPLOYMENT_TARGET = 10.16;
				PRODUCT_BUNDLE_IDENTIFIER = com.codine.HyperGan;
				PRODUCT_NAME = HyperGan;
				SDKROOT = macosx;
				SWIFT_VERSION = 5.0;
			};
			name = Debug;
		};
		11A0B593253A68430018A8C1 /* Release */ = {
			isa = XCBuildConfiguration;
			buildSettings = {
				ASSETCATALOG_COMPILER_APPICON_NAME = AppIcon;
				ASSETCATALOG_COMPILER_GLOBAL_ACCENT_COLOR_NAME = AccentColor;
				CODE_SIGN_ENTITLEMENTS = macOS/macOS.entitlements;
				CODE_SIGN_STYLE = Automatic;
				COMBINE_HIDPI_IMAGES = YES;
				DEVELOPMENT_TEAM = 7924VL9N7J;
				ENABLE_HARDENED_RUNTIME = YES;
				ENABLE_PREVIEWS = YES;
				INFOPLIST_FILE = macOS/Info.plist;
				LD_RUNPATH_SEARCH_PATHS = (
					"$(inherited)",
					"@executable_path/../Frameworks",
				);
				MACOSX_DEPLOYMENT_TARGET = 10.16;
				PRODUCT_BUNDLE_IDENTIFIER = com.codine.HyperGan;
				PRODUCT_NAME = HyperGan;
				SDKROOT = macosx;
				SWIFT_VERSION = 5.0;
			};
			name = Release;
		};
		11A0B595253A68430018A8C1 /* Debug */ = {
			isa = XCBuildConfiguration;
			buildSettings = {
				ALWAYS_EMBED_SWIFT_STANDARD_LIBRARIES = YES;
				CODE_SIGN_STYLE = Automatic;
				DEVELOPMENT_TEAM = 7924VL9N7J;
				INFOPLIST_FILE = "Tests iOS/Info.plist";
				IPHONEOS_DEPLOYMENT_TARGET = 14.0;
				LD_RUNPATH_SEARCH_PATHS = (
					"$(inherited)",
					"@executable_path/Frameworks",
					"@loader_path/Frameworks",
				);
				PRODUCT_BUNDLE_IDENTIFIER = "com.codine.Tests-iOS";
				PRODUCT_NAME = "$(TARGET_NAME)";
				SDKROOT = iphoneos;
				SWIFT_VERSION = 5.0;
				TARGETED_DEVICE_FAMILY = "1,2";
				TEST_TARGET_NAME = iOS;
			};
			name = Debug;
		};
		11A0B596253A68430018A8C1 /* Release */ = {
			isa = XCBuildConfiguration;
			buildSettings = {
				ALWAYS_EMBED_SWIFT_STANDARD_LIBRARIES = YES;
				CODE_SIGN_STYLE = Automatic;
				DEVELOPMENT_TEAM = 7924VL9N7J;
				INFOPLIST_FILE = "Tests iOS/Info.plist";
				IPHONEOS_DEPLOYMENT_TARGET = 14.0;
				LD_RUNPATH_SEARCH_PATHS = (
					"$(inherited)",
					"@executable_path/Frameworks",
					"@loader_path/Frameworks",
				);
				PRODUCT_BUNDLE_IDENTIFIER = "com.codine.Tests-iOS";
				PRODUCT_NAME = "$(TARGET_NAME)";
				SDKROOT = iphoneos;
				SWIFT_VERSION = 5.0;
				TARGETED_DEVICE_FAMILY = "1,2";
				TEST_TARGET_NAME = iOS;
				VALIDATE_PRODUCT = YES;
			};
			name = Release;
		};
		11A0B598253A68430018A8C1 /* Debug */ = {
			isa = XCBuildConfiguration;
			buildSettings = {
				ALWAYS_EMBED_SWIFT_STANDARD_LIBRARIES = YES;
				CODE_SIGN_STYLE = Automatic;
				COMBINE_HIDPI_IMAGES = YES;
				DEVELOPMENT_TEAM = 7924VL9N7J;
				INFOPLIST_FILE = "Tests macOS/Info.plist";
				LD_RUNPATH_SEARCH_PATHS = (
					"$(inherited)",
					"@executable_path/../Frameworks",
					"@loader_path/../Frameworks",
				);
				MACOSX_DEPLOYMENT_TARGET = 11.0;
				PRODUCT_BUNDLE_IDENTIFIER = "com.codine.Tests-macOS";
				PRODUCT_NAME = "$(TARGET_NAME)";
				SDKROOT = macosx;
				SWIFT_VERSION = 5.0;
				TEST_TARGET_NAME = macOS;
			};
			name = Debug;
		};
		11A0B599253A68430018A8C1 /* Release */ = {
			isa = XCBuildConfiguration;
			buildSettings = {
				ALWAYS_EMBED_SWIFT_STANDARD_LIBRARIES = YES;
				CODE_SIGN_STYLE = Automatic;
				COMBINE_HIDPI_IMAGES = YES;
				DEVELOPMENT_TEAM = 7924VL9N7J;
				INFOPLIST_FILE = "Tests macOS/Info.plist";
				LD_RUNPATH_SEARCH_PATHS = (
					"$(inherited)",
					"@executable_path/../Frameworks",
					"@loader_path/../Frameworks",
				);
				MACOSX_DEPLOYMENT_TARGET = 11.0;
				PRODUCT_BUNDLE_IDENTIFIER = "com.codine.Tests-macOS";
				PRODUCT_NAME = "$(TARGET_NAME)";
				SDKROOT = macosx;
				SWIFT_VERSION = 5.0;
				TEST_TARGET_NAME = macOS;
			};
			name = Release;
		};
/* End XCBuildConfiguration section */

/* Begin XCConfigurationList section */
		11A0B55B253A68140018A8C1 /* Build configuration list for PBXProject "Cubed" */ = {
			isa = XCConfigurationList;
			buildConfigurations = (
				11A0B58C253A68430018A8C1 /* Debug */,
				11A0B58D253A68430018A8C1 /* Release */,
			);
			defaultConfigurationIsVisible = 0;
			defaultConfigurationName = Release;
		};
		11A0B58E253A68430018A8C1 /* Build configuration list for PBXNativeTarget "iOS" */ = {
			isa = XCConfigurationList;
			buildConfigurations = (
				11A0B58F253A68430018A8C1 /* Debug */,
				11A0B590253A68430018A8C1 /* Release */,
			);
			defaultConfigurationIsVisible = 0;
			defaultConfigurationName = Release;
		};
		11A0B591253A68430018A8C1 /* Build configuration list for PBXNativeTarget "macOS" */ = {
			isa = XCConfigurationList;
			buildConfigurations = (
				11A0B592253A68430018A8C1 /* Debug */,
				11A0B593253A68430018A8C1 /* Release */,
			);
			defaultConfigurationIsVisible = 0;
			defaultConfigurationName = Release;
		};
		11A0B594253A68430018A8C1 /* Build configuration list for PBXNativeTarget "Tests iOS" */ = {
			isa = XCConfigurationList;
			buildConfigurations = (
				11A0B595253A68430018A8C1 /* Debug */,
				11A0B596253A68430018A8C1 /* Release */,
			);
			defaultConfigurationIsVisible = 0;
			defaultConfigurationName = Release;
		};
		11A0B597253A68430018A8C1 /* Build configuration list for PBXNativeTarget "Tests macOS" */ = {
			isa = XCConfigurationList;
			buildConfigurations = (
				11A0B598253A68430018A8C1 /* Debug */,
				11A0B599253A68430018A8C1 /* Release */,
			);
			defaultConfigurationIsVisible = 0;
			defaultConfigurationName = Release;
		};
/* End XCConfigurationList section */
	};
	rootObject = 11A0B558253A68140018A8C1 /* Project object */;
}
